
Microsoft Visual Studio Solution File, Format Version 12.00
# Visual Studio Version 16
VisualStudioVersion = 16.0.28803.452
MinimumVisualStudioVersion = 10.0.40219.1
Project("{FAE04EC0-301F-11D3-BF4B-00C04F79EFBC}") = "JobJobClass", "JobJobClass\JobJobClass.csproj", "{D566AA6F-67C8-4D27-ACA2-E01423343504}"
EndProject
Project("{FAE04EC0-301F-11D3-BF4B-00C04F79EFBC}") = "JobJobTest", "JobJobTest\JobJobTest.csproj", "{E468DB69-403A-4902-8FFE-534A17805E45}"
EndProject
Project("{FAE04EC0-301F-11D3-BF4B-00C04F79EFBC}") = "JobJobConsole", "JobJobConsole\JobJobConsole.csproj", "{0469CDDA-89C9-42CC-99C4-48BC3EDB7E17}"
EndProject
Project("{FAE04EC0-301F-11D3-BF4B-00C04F79EFBC}") = "JobJobService", "JobJobService\JobJobService.csproj", "{86B55A97-2D35-481D-8A70-340F87A6E244}"
EndProject
Project("{FAE04EC0-301F-11D3-BF4B-00C04F79EFBC}") = "JobJobClient", "JobJobClient\JobJobClient.csproj", "{4D03D1B5-884E-4616-8B93-474C44C3A382}"
EndProject
Project("{FAE04EC0-301F-11D3-BF4B-00C04F79EFBC}") = "JobJobASPNET", "JobJobASPNET\JobJobASPNET.csproj", "{FF8671AE-5D59-455F-A054-CE6AF8572335}"
EndProject
Project("{FAE04EC0-301F-11D3-BF4B-00C04F79EFBC}") = "JobJobWCF", "WcfService2\JobJobWCF.csproj", "{D7A67195-3763-4DF5-B346-8FAE269CF820}"
EndProject
Global
	GlobalSection(SolutionConfigurationPlatforms) = preSolution
		Debug|Any CPU = Debug|Any CPU
		Release|Any CPU = Release|Any CPU
	EndGlobalSection
	GlobalSection(ProjectConfigurationPlatforms) = postSolution
		{D566AA6F-67C8-4D27-ACA2-E01423343504}.Debug|Any CPU.ActiveCfg = Debug|Any CPU
		{D566AA6F-67C8-4D27-ACA2-E01423343504}.Debug|Any CPU.Build.0 = Debug|Any CPU
		{D566AA6F-67C8-4D27-ACA2-E01423343504}.Release|Any CPU.ActiveCfg = Release|Any CPU
		{D566AA6F-67C8-4D27-ACA2-E01423343504}.Release|Any CPU.Build.0 = Release|Any CPU
		{E468DB69-403A-4902-8FFE-534A17805E45}.Debug|Any CPU.ActiveCfg = Debug|Any CPU
		{E468DB69-403A-4902-8FFE-534A17805E45}.Debug|Any CPU.Build.0 = Debug|Any CPU
		{E468DB69-403A-4902-8FFE-534A17805E45}.Release|Any CPU.ActiveCfg = Release|Any CPU
		{E468DB69-403A-4902-8FFE-534A17805E45}.Release|Any CPU.Build.0 = Release|Any CPU
		{0469CDDA-89C9-42CC-99C4-48BC3EDB7E17}.Debug|Any CPU.ActiveCfg = Debug|Any CPU
		{0469CDDA-89C9-42CC-99C4-48BC3EDB7E17}.Debug|Any CPU.Build.0 = Debug|Any CPU
		{0469CDDA-89C9-42CC-99C4-48BC3EDB7E17}.Release|Any CPU.ActiveCfg = Release|Any CPU
		{0469CDDA-89C9-42CC-99C4-48BC3EDB7E17}.Release|Any CPU.Build.0 = Release|Any CPU
		{86B55A97-2D35-481D-8A70-340F87A6E244}.Debug|Any CPU.ActiveCfg = Debug|Any CPU
		{86B55A97-2D35-481D-8A70-340F87A6E244}.Debug|Any CPU.Build.0 = Debug|Any CPU
		{86B55A97-2D35-481D-8A70-340F87A6E244}.Release|Any CPU.ActiveCfg = Release|Any CPU
		{86B55A97-2D35-481D-8A70-340F87A6E244}.Release|Any CPU.Build.0 = Release|Any CPU
		{4D03D1B5-884E-4616-8B93-474C44C3A382}.Debug|Any CPU.ActiveCfg = Debug|Any CPU
		{4D03D1B5-884E-4616-8B93-474C44C3A382}.Debug|Any CPU.Build.0 = Debug|Any CPU
		{4D03D1B5-884E-4616-8B93-474C44C3A382}.Release|Any CPU.ActiveCfg = Release|Any CPU
		{4D03D1B5-884E-4616-8B93-474C44C3A382}.Release|Any CPU.Build.0 = Release|Any CPU
		{FF8671AE-5D59-455F-A054-CE6AF8572335}.Debug|Any CPU.ActiveCfg = Debug|Any CPU
		{FF8671AE-5D59-455F-A054-CE6AF8572335}.Debug|Any CPU.Build.0 = Debug|Any CPU
		{FF8671AE-5D59-455F-A054-CE6AF8572335}.Release|Any CPU.ActiveCfg = Release|Any CPU
		{FF8671AE-5D59-455F-A054-CE6AF8572335}.Release|Any CPU.Build.0 = Release|Any CPU
		{D7A67195-3763-4DF5-B346-8FAE269CF820}.Debug|Any CPU.ActiveCfg = Debug|Any CPU
		{D7A67195-3763-4DF5-B346-8FAE269CF820}.Debug|Any CPU.Build.0 = Debug|Any CPU
		{D7A67195-3763-4DF5-B346-8FAE269CF820}.Release|Any CPU.ActiveCfg = Release|Any CPU
		{D7A67195-3763-4DF5-B346-8FAE269CF820}.Release|Any CPU.Build.0 = Release|Any CPU
	EndGlobalSection
	GlobalSection(SolutionProperties) = preSolution
		HideSolutionNode = FALSE
	EndGlobalSection
	GlobalSection(ExtensibilityGlobals) = postSolution
		SolutionGuid = {3A8673FE-69BA-4BE1-A72F-7D19B6035901}
	EndGlobalSection
EndGlobal
